
Microsoft Visual Studio Solution File, Format Version 12.00
# Visual Studio Version 16
VisualStudioVersion = 16.0.30517.126
MinimumVisualStudioVersion = 10.0.40219.1
Project("{FAE04EC0-301F-11D3-BF4B-00C04F79EFBC}") = "RentleAPI", "RentleAPI.csproj", "{0892CE44-4CBC-486C-A505-E8719D116B92}"
EndProject
Global
	GlobalSection(SolutionConfigurationPlatforms) = preSolution
		Debug|Any CPU = Debug|Any CPU
		Release|Any CPU = Release|Any CPU
	EndGlobalSection
	GlobalSection(ProjectConfigurationPlatforms) = postSolution
		{0892CE44-4CBC-486C-A505-E8719D116B92}.Debug|Any CPU.ActiveCfg = Debug|Any CPU
		{0892CE44-4CBC-486C-A505-E8719D116B92}.Debug|Any CPU.Build.0 = Debug|Any CPU
		{0892CE44-4CBC-486C-A505-E8719D116B92}.Release|Any CPU.ActiveCfg = Release|Any CPU
		{0892CE44-4CBC-486C-A505-E8719D116B92}.Release|Any CPU.Build.0 = Release|Any CPU
	EndGlobalSection
	GlobalSection(SolutionProperties) = preSolution
		HideSolutionNode = FALSE
	EndGlobalSection
	GlobalSection(ExtensibilityGlobals) = postSolution
		SolutionGuid = {879DFFAB-BF53-4B06-B129-88F7B217DD77}
	EndGlobalSection
EndGlobal
